
Microsoft Visual Studio Solution File, Format Version 12.00
# Visual Studio Version 17
VisualStudioVersion = 17.2.32616.157
MinimumVisualStudioVersion = 10.0.40219.1
Project("{FAE04EC0-301F-11D3-BF4B-00C04F79EFBC}") = "BO", "BO\BO.csproj", "{B328C0D6-ACDA-45E3-A104-03779AA045E5}"
EndProject
Project("{FAE04EC0-301F-11D3-BF4B-00C04F79EFBC}") = "WEB", "WEB\WEB.csproj", "{951A3054-B132-4F18-B3DB-4313F8A13CFC}"
EndProject
Global
	GlobalSection(SolutionConfigurationPlatforms) = preSolution
		Debug|Any CPU = Debug|Any CPU
		Release|Any CPU = Release|Any CPU
	EndGlobalSection
	GlobalSection(ProjectConfigurationPlatforms) = postSolution
		{B328C0D6-ACDA-45E3-A104-03779AA045E5}.Debug|Any CPU.ActiveCfg = Debug|Any CPU
		{B328C0D6-ACDA-45E3-A104-03779AA045E5}.Debug|Any CPU.Build.0 = Debug|Any CPU
		{B328C0D6-ACDA-45E3-A104-03779AA045E5}.Release|Any CPU.ActiveCfg = Release|Any CPU
		{B328C0D6-ACDA-45E3-A104-03779AA045E5}.Release|Any CPU.Build.0 = Release|Any CPU
		{951A3054-B132-4F18-B3DB-4313F8A13CFC}.Debug|Any CPU.ActiveCfg = Debug|Any CPU
		{951A3054-B132-4F18-B3DB-4313F8A13CFC}.Debug|Any CPU.Build.0 = Debug|Any CPU
		{951A3054-B132-4F18-B3DB-4313F8A13CFC}.Release|Any CPU.ActiveCfg = Release|Any CPU
		{951A3054-B132-4F18-B3DB-4313F8A13CFC}.Release|Any CPU.Build.0 = Release|Any CPU
	EndGlobalSection
	GlobalSection(SolutionProperties) = preSolution
		HideSolutionNode = FALSE
	EndGlobalSection
	GlobalSection(ExtensibilityGlobals) = postSolution
		SolutionGuid = {CD3688E6-B3E0-4EF9-9A8B-088EC274FA9F}
	EndGlobalSection
EndGlobal
